
Microsoft Visual Studio Solution File, Format Version 12.00
# Visual Studio Version 17
VisualStudioVersion = 17.13.35919.96
MinimumVisualStudioVersion = 10.0.40219.1
Project("{FAE04EC0-301F-11D3-BF4B-00C04F79EFBC}") = "FrmControl", "FrmControl.csproj", "{AE7068C0-62FC-8701-5CA0-E4D9370E22DF}"
EndProject
Project("{FAE04EC0-301F-11D3-BF4B-00C04F79EFBC}") = "FrmSimple", "..\FrmSimple\FrmSimple.csproj", "{39B0B62A-F8B1-4875-B8FE-723C036703F4}"
EndProject
Global
	GlobalSection(SolutionConfigurationPlatforms) = preSolution
		Debug|Any CPU = Debug|Any CPU
		Release|Any CPU = Release|Any CPU
	EndGlobalSection
	GlobalSection(ProjectConfigurationPlatforms) = postSolution
		{AE7068C0-62FC-8701-5CA0-E4D9370E22DF}.Debug|Any CPU.ActiveCfg = Debug|Any CPU
		{AE7068C0-62FC-8701-5CA0-E4D9370E22DF}.Debug|Any CPU.Build.0 = Debug|Any CPU
		{AE7068C0-62FC-8701-5CA0-E4D9370E22DF}.Release|Any CPU.ActiveCfg = Release|Any CPU
		{AE7068C0-62FC-8701-5CA0-E4D9370E22DF}.Release|Any CPU.Build.0 = Release|Any CPU
		{39B0B62A-F8B1-4875-B8FE-723C036703F4}.Debug|Any CPU.ActiveCfg = Debug|Any CPU
		{39B0B62A-F8B1-4875-B8FE-723C036703F4}.Debug|Any CPU.Build.0 = Debug|Any CPU
		{39B0B62A-F8B1-4875-B8FE-723C036703F4}.Release|Any CPU.ActiveCfg = Release|Any CPU
		{39B0B62A-F8B1-4875-B8FE-723C036703F4}.Release|Any CPU.Build.0 = Release|Any CPU
	EndGlobalSection
	GlobalSection(SolutionProperties) = preSolution
		HideSolutionNode = FALSE
	EndGlobalSection
	GlobalSection(ExtensibilityGlobals) = postSolution
		SolutionGuid = {4058336A-5108-4EDD-804A-2372C4CA0A58}
	EndGlobalSection
EndGlobal
